
Microsoft Visual Studio Solution File, Format Version 12.00
# Visual Studio Version 17
VisualStudioVersion = 17.1.32328.378
MinimumVisualStudioVersion = 10.0.40219.1
Project("{FAE04EC0-301F-11D3-BF4B-00C04F79EFBC}") = "EFDemoWeb", "EFDemoWeb\EFDemoWeb.csproj", "{22A42E1B-25FA-4B65-A79C-7F5AF4105108}"
EndProject
Project("{FAE04EC0-301F-11D3-BF4B-00C04F79EFBC}") = "EFDataAccessLibrary", "EFDataAccessLibrary\EFDataAccessLibrary.csproj", "{25F5E34B-7EAB-4D23-ADB6-1B8ACA1E74CE}"
EndProject
Global
	GlobalSection(SolutionConfigurationPlatforms) = preSolution
		Debug|Any CPU = Debug|Any CPU
		Release|Any CPU = Release|Any CPU
	EndGlobalSection
	GlobalSection(ProjectConfigurationPlatforms) = postSolution
		{22A42E1B-25FA-4B65-A79C-7F5AF4105108}.Debug|Any CPU.ActiveCfg = Debug|Any CPU
		{22A42E1B-25FA-4B65-A79C-7F5AF4105108}.Debug|Any CPU.Build.0 = Debug|Any CPU
		{22A42E1B-25FA-4B65-A79C-7F5AF4105108}.Release|Any CPU.ActiveCfg = Release|Any CPU
		{22A42E1B-25FA-4B65-A79C-7F5AF4105108}.Release|Any CPU.Build.0 = Release|Any CPU
		{25F5E34B-7EAB-4D23-ADB6-1B8ACA1E74CE}.Debug|Any CPU.ActiveCfg = Debug|Any CPU
		{25F5E34B-7EAB-4D23-ADB6-1B8ACA1E74CE}.Debug|Any CPU.Build.0 = Debug|Any CPU
		{25F5E34B-7EAB-4D23-ADB6-1B8ACA1E74CE}.Release|Any CPU.ActiveCfg = Release|Any CPU
		{25F5E34B-7EAB-4D23-ADB6-1B8ACA1E74CE}.Release|Any CPU.Build.0 = Release|Any CPU
	EndGlobalSection
	GlobalSection(SolutionProperties) = preSolution
		HideSolutionNode = FALSE
	EndGlobalSection
	GlobalSection(ExtensibilityGlobals) = postSolution
		SolutionGuid = {CFD7897A-F7B7-4FCB-A1BB-E1C0E2B817B5}
	EndGlobalSection
EndGlobal
